// !$*UTF8*$!
{
	archiveVersion = 1;
	classes = {
	};
	objectVersion = 46;
	objects = {

/* Begin PBXBuildFile section */
		4B246DA31BD4D9610042D333 /* PatternDocument.swift in Sources */ = {isa = PBXBuildFile; fileRef = 4B246DA21BD4D9610042D333 /* PatternDocument.swift */; settings = {ASSET_TAGS = (); }; };
		4B246DA51BD4D9830042D333 /* DataObjectContainer.swift in Sources */ = {isa = PBXBuildFile; fileRef = 4B246DA41BD4D9830042D333 /* DataObjectContainer.swift */; settings = {ASSET_TAGS = (); }; };
		4B246DAB1BD4EC470042D333 /* Back_button_png.png in Resources */ = {isa = PBXBuildFile; fileRef = 4B246DAA1BD4EC470042D333 /* Back_button_png.png */; settings = {ASSET_TAGS = (); }; };
		4B4428401BBBEF3E0008A950 /* ConstantFile.swift in Sources */ = {isa = PBXBuildFile; fileRef = 4B44283F1BBBEF3E0008A950 /* ConstantFile.swift */; settings = {ASSET_TAGS = (); }; };
		4B4428431BBBF0530008A950 /* TestViewController.swift in Sources */ = {isa = PBXBuildFile; fileRef = 4B4428421BBBF0530008A950 /* TestViewController.swift */; settings = {ASSET_TAGS = (); }; };
		4B4580BE1BBAB678007265E6 /* AppDelegate.swift in Sources */ = {isa = PBXBuildFile; fileRef = 4B4580BD1BBAB678007265E6 /* AppDelegate.swift */; };
		4B4580C31BBAB678007265E6 /* Main.storyboard in Resources */ = {isa = PBXBuildFile; fileRef = 4B4580C11BBAB678007265E6 /* Main.storyboard */; };
		4B4580C51BBAB678007265E6 /* Assets.xcassets in Resources */ = {isa = PBXBuildFile; fileRef = 4B4580C41BBAB678007265E6 /* Assets.xcassets */; };
		4B4580C81BBAB678007265E6 /* LaunchScreen.storyboard in Resources */ = {isa = PBXBuildFile; fileRef = 4B4580C61BBAB678007265E6 /* LaunchScreen.storyboard */; };
		4B777B341BCF7F6700F9A9E3 /* circle.png in Resources */ = {isa = PBXBuildFile; fileRef = 4B777B331BCF7F6700F9A9E3 /* circle.png */; settings = {ASSET_TAGS = (); }; };
		4B8174131BCB9F720074D491 /* CircleView.swift in Sources */ = {isa = PBXBuildFile; fileRef = 4B8174121BCB9F720074D491 /* CircleView.swift */; settings = {ASSET_TAGS = (); }; };
		4B8174151BCB9F7D0074D491 /* ViewController.swift in Sources */ = {isa = PBXBuildFile; fileRef = 4B8174141BCB9F7D0074D491 /* ViewController.swift */; settings = {ASSET_TAGS = (); }; };
/* End PBXBuildFile section */

/* Begin PBXFileReference section */
		4B246DA21BD4D9610042D333 /* PatternDocument.swift */ = {isa = PBXFileReference; fileEncoding = 4; lastKnownFileType = sourcecode.swift; path = PatternDocument.swift; sourceTree = "<group>"; };
		4B246DA41BD4D9830042D333 /* DataObjectContainer.swift */ = {isa = PBXFileReference; fileEncoding = 4; lastKnownFileType = sourcecode.swift; path = DataObjectContainer.swift; sourceTree = "<group>"; };
		4B246DAA1BD4EC470042D333 /* Back_button_png.png */ = {isa = PBXFileReference; lastKnownFileType = image.png; path = Back_button_png.png; sourceTree = "<group>"; };
		4B44283F1BBBEF3E0008A950 /* ConstantFile.swift */ = {isa = PBXFileReference; fileEncoding = 4; lastKnownFileType = sourcecode.swift; path = ConstantFile.swift; sourceTree = "<group>"; };
		4B4428421BBBF0530008A950 /* TestViewController.swift */ = {isa = PBXFileReference; fileEncoding = 4; lastKnownFileType = sourcecode.swift; path = TestViewController.swift; sourceTree = "<group>"; };
		4B4580BA1BBAB678007265E6 /* SamplePattern.app */ = {isa = PBXFileReference; explicitFileType = wrapper.application; includeInIndex = 0; path = SamplePattern.app; sourceTree = BUILT_PRODUCTS_DIR; };
		4B4580BD1BBAB678007265E6 /* AppDelegate.swift */ = {isa = PBXFileReference; lastKnownFileType = sourcecode.swift; path = AppDelegate.swift; sourceTree = "<group>"; };
		4B4580C21BBAB678007265E6 /* Base */ = {isa = PBXFileReference; lastKnownFileType = file.storyboard; name = Base; path = Base.lproj/Main.storyboard; sourceTree = "<group>"; };
		4B4580C41BBAB678007265E6 /* Assets.xcassets */ = {isa = PBXFileReference; lastKnownFileType = folder.assetcatalog; path = Assets.xcassets; sourceTree = "<group>"; };
		4B4580C71BBAB678007265E6 /* Base */ = {isa = PBXFileReference; lastKnownFileType = file.storyboard; name = Base; path = Base.lproj/LaunchScreen.storyboard; sourceTree = "<group>"; };
		4B4580C91BBAB678007265E6 /* Info.plist */ = {isa = PBXFileReference; lastKnownFileType = text.plist.xml; path = Info.plist; sourceTree = "<group>"; };
		4B777B331BCF7F6700F9A9E3 /* circle.png */ = {isa = PBXFileReference; lastKnownFileType = image.png; path = circle.png; sourceTree = "<group>"; };
		4B8174121BCB9F720074D491 /* CircleView.swift */ = {isa = PBXFileReference; fileEncoding = 4; lastKnownFileType = sourcecode.swift; path = CircleView.swift; sourceTree = "<group>"; };
		4B8174141BCB9F7D0074D491 /* ViewController.swift */ = {isa = PBXFileReference; fileEncoding = 4; lastKnownFileType = sourcecode.swift; path = ViewController.swift; sourceTree = "<group>"; };
/* End PBXFileReference section */

/* Begin PBXFrameworksBuildPhase section */
		4B4580B71BBAB678007265E6 /* Frameworks */ = {
			isa = PBXFrameworksBuildPhase;
			buildActionMask = 2147483647;
			files = (
			);
			runOnlyForDeploymentPostprocessing = 0;
		};
/* End PBXFrameworksBuildPhase section */

/* Begin PBXGroup section */
		4B246DA11BD4D9410042D333 /* DocumentClass */ = {
			isa = PBXGroup;
			children = (
				4B246DA81BD4EC200042D333 /* PatternDocument */,
				4B246DA91BD4EC2B0042D333 /* DataObjectContainer */,
			);
			path = DocumentClass;
			sourceTree = "<group>";
		};
		4B246DA81BD4EC200042D333 /* PatternDocument */ = {
			isa = PBXGroup;
			children = (
				4B246DA21BD4D9610042D333 /* PatternDocument.swift */,
			);
			name = PatternDocument;
			sourceTree = "<group>";
		};
		4B246DA91BD4EC2B0042D333 /* DataObjectContainer */ = {
			isa = PBXGroup;
			children = (
				4B246DA41BD4D9830042D333 /* DataObjectContainer.swift */,
			);
			name = DataObjectContainer;
			sourceTree = "<group>";
		};
		4B44283C1BBBEEF50008A950 /* ViewController */ = {
			isa = PBXGroup;
			children = (
				4B8174141BCB9F7D0074D491 /* ViewController.swift */,
				4B4428421BBBF0530008A950 /* TestViewController.swift */,
			);
			path = ViewController;
			sourceTree = "<group>";
		};
		4B44283D1BBBEEF50008A950 /* Widget */ = {
			isa = PBXGroup;
			children = (
				4BDD61721BC64DF5004B11E4 /* Image */,
				4B44283E1BBBEF030008A950 /* CustomView */,
				4B4428411BBBEF570008A950 /* Constant File */,
			);
			path = Widget;
			sourceTree = "<group>";
		};
		4B44283E1BBBEF030008A950 /* CustomView */ = {
			isa = PBXGroup;
			children = (
				4B8174121BCB9F720074D491 /* CircleView.swift */,
			);
			name = CustomView;
			sourceTree = "<group>";
		};
		4B4428411BBBEF570008A950 /* Constant File */ = {
			isa = PBXGroup;
			children = (
				4B44283F1BBBEF3E0008A950 /* ConstantFile.swift */,
			);
			name = "Constant File";
			sourceTree = "<group>";
		};
		4B4580B11BBAB678007265E6 = {
			isa = PBXGroup;
			children = (
				4B4580BC1BBAB678007265E6 /* SamplePattern */,
				4B4580BB1BBAB678007265E6 /* Products */,
			);
			sourceTree = "<group>";
		};
		4B4580BB1BBAB678007265E6 /* Products */ = {
			isa = PBXGroup;
			children = (
				4B4580BA1BBAB678007265E6 /* SamplePattern.app */,
			);
			name = Products;
			sourceTree = "<group>";
		};
		4B4580BC1BBAB678007265E6 /* SamplePattern */ = {
			isa = PBXGroup;
			children = (
				4B246DA11BD4D9410042D333 /* DocumentClass */,
				4B44283D1BBBEEF50008A950 /* Widget */,
				4B44283C1BBBEEF50008A950 /* ViewController */,
				4B4580BD1BBAB678007265E6 /* AppDelegate.swift */,
				4B4580C11BBAB678007265E6 /* Main.storyboard */,
				4B4580C41BBAB678007265E6 /* Assets.xcassets */,
				4B4580C61BBAB678007265E6 /* LaunchScreen.storyboard */,
				4B4580C91BBAB678007265E6 /* Info.plist */,
			);
			path = SamplePattern;
			sourceTree = "<group>";
		};
		4BDD61721BC64DF5004B11E4 /* Image */ = {
			isa = PBXGroup;
			children = (
				4B246DAA1BD4EC470042D333 /* Back_button_png.png */,
				4B777B331BCF7F6700F9A9E3 /* circle.png */,
			);
			name = Image;
			sourceTree = "<group>";
		};
/* End PBXGroup section */

/* Begin PBXNativeTarget section */
		4B4580B91BBAB678007265E6 /* SamplePattern */ = {
			isa = PBXNativeTarget;
			buildConfigurationList = 4B4580CC1BBAB678007265E6 /* Build configuration list for PBXNativeTarget "SamplePattern" */;
			buildPhases = (
				4B4580B61BBAB678007265E6 /* Sources */,
				4B4580B71BBAB678007265E6 /* Frameworks */,
				4B4580B81BBAB678007265E6 /* Resources */,
			);
			buildRules = (
			);
			dependencies = (
			);
			name = SamplePattern;
			productName = SamplePattern;
			productReference = 4B4580BA1BBAB678007265E6 /* SamplePattern.app */;
			productType = "com.apple.product-type.application";
		};
/* End PBXNativeTarget section */

/* Begin PBXProject section */
		4B4580B21BBAB678007265E6 /* Project object */ = {
			isa = PBXProject;
			attributes = {
				LastUpgradeCheck = 0700;
				ORGANIZATIONNAME = mac;
				TargetAttributes = {
					4B4580B91BBAB678007265E6 = {
						CreatedOnToolsVersion = 7.0;
					};
				};
			};
			buildConfigurationList = 4B4580B51BBAB678007265E6 /* Build configuration list for PBXProject "SamplePattern" */;
			compatibilityVersion = "Xcode 3.2";
			developmentRegion = English;
			hasScannedForEncodings = 0;
			knownRegions = (
				en,
				Base,
			);
			mainGroup = 4B4580B11BBAB678007265E6;
			productRefGroup = 4B4580BB1BBAB678007265E6 /* Products */;
			projectDirPath = "";
			projectRoot = "";
			targets = (
				4B4580B91BBAB678007265E6 /* SamplePattern */,
			);
		};
/* End PBXProject section */

/* Begin PBXResourcesBuildPhase section */
		4B4580B81BBAB678007265E6 /* Resources */ = {
			isa = PBXResourcesBuildPhase;
			buildActionMask = 2147483647;
			files = (
				4B4580C81BBAB678007265E6 /* LaunchScreen.storyboard in Resources */,
				4B246DAB1BD4EC470042D333 /* Back_button_png.png in Resources */,
				4B4580C51BBAB678007265E6 /* Assets.xcassets in Resources */,
				4B777B341BCF7F6700F9A9E3 /* circle.png in Resources */,
				4B4580C31BBAB678007265E6 /* Main.storyboard in Resources */,
			);
			runOnlyForDeploymentPostprocessing = 0;
		};
/* End PBXResourcesBuildPhase section */

/* Begin PBXSourcesBuildPhase section */
		4B4580B61BBAB678007265E6 /* Sources */ = {
			isa = PBXSourcesBuildPhase;
			buildActionMask = 2147483647;
			files = (
				4B8174151BCB9F7D0074D491 /* ViewController.swift in Sources */,
				4B8174131BCB9F720074D491 /* CircleView.swift in Sources */,
				4B4428431BBBF0530008A950 /* TestViewController.swift in Sources */,
				4B246DA31BD4D9610042D333 /* PatternDocument.swift in Sources */,
				4B4580BE1BBAB678007265E6 /* AppDelegate.swift in Sources */,
				4B246DA51BD4D9830042D333 /* DataObjectContainer.swift in Sources */,
				4B4428401BBBEF3E0008A950 /* ConstantFile.swift in Sources */,
			);
			runOnlyForDeploymentPostprocessing = 0;
		};
/* End PBXSourcesBuildPhase section */

/* Begin PBXVariantGroup section */
		4B4580C11BBAB678007265E6 /* Main.storyboard */ = {
			isa = PBXVariantGroup;
			children = (
				4B4580C21BBAB678007265E6 /* Base */,
			);
			name = Main.storyboard;
			sourceTree = "<group>";
		};
		4B4580C61BBAB678007265E6 /* LaunchScreen.storyboard */ = {
			isa = PBXVariantGroup;
			children = (
				4B4580C71BBAB678007265E6 /* Base */,
			);
			name = LaunchScreen.storyboard;
			sourceTree = "<group>";
		};
/* End PBXVariantGroup section */

/* Begin XCBuildConfiguration section */
		4B4580CA1BBAB678007265E6 /* Debug */ = {
			isa = XCBuildConfiguration;
			buildSettings = {
				ALWAYS_SEARCH_USER_PATHS = NO;
				CLANG_CXX_LANGUAGE_STANDARD = "gnu++0x";
				CLANG_CXX_LIBRARY = "libc++";
				CLANG_ENABLE_MODULES = YES;
				CLANG_ENABLE_OBJC_ARC = YES;
				CLANG_WARN_BOOL_CONVERSION = YES;
				CLANG_WARN_CONSTANT_CONVERSION = YES;
				CLANG_WARN_DIRECT_OBJC_ISA_USAGE = YES_ERROR;
				CLANG_WARN_EMPTY_BODY = YES;
				CLANG_WARN_ENUM_CONVERSION = YES;
				CLANG_WARN_INT_CONVERSION = YES;
				CLANG_WARN_OBJC_ROOT_CLASS = YES_ERROR;
				CLANG_WARN_UNREACHABLE_CODE = YES;
				CLANG_WARN__DUPLICATE_METHOD_MATCH = YES;
				"CODE_SIGN_IDENTITY[sdk=iphoneos*]" = "iPhone Developer";
				COPY_PHASE_STRIP = NO;
				DEBUG_INFORMATION_FORMAT = dwarf;
				ENABLE_STRICT_OBJC_MSGSEND = YES;
				ENABLE_TESTABILITY = YES;
				GCC_C_LANGUAGE_STANDARD = gnu99;
				GCC_DYNAMIC_NO_PIC = NO;
				GCC_NO_COMMON_BLOCKS = YES;
				GCC_OPTIMIZATION_LEVEL = 0;
				GCC_PREPROCESSOR_DEFINITIONS = (
					"DEBUG=1",
					"$(inherited)",
				);
				GCC_WARN_64_TO_32_BIT_CONVERSION = YES;
				GCC_WARN_ABOUT_RETURN_TYPE = YES_ERROR;
				GCC_WARN_UNDECLARED_SELECTOR = YES;
				GCC_WARN_UNINITIALIZED_AUTOS = YES_AGGRESSIVE;
				GCC_WARN_UNUSED_FUNCTION = YES;
				GCC_WARN_UNUSED_VARIABLE = YES;
				IPHONEOS_DEPLOYMENT_TARGET = 9.0;
				MTL_ENABLE_DEBUG_INFO = YES;
				ONLY_ACTIVE_ARCH = YES;
				SDKROOT = iphoneos;
				SWIFT_OPTIMIZATION_LEVEL = "-Onone";
				TARGETED_DEVICE_FAMILY = "1,2";
			};
			name = Debug;
		};
		4B4580CB1BBAB678007265E6 /* Release */ = {
			isa = XCBuildConfiguration;
			buildSettings = {
				ALWAYS_SEARCH_USER_PATHS = NO;
				CLANG_CXX_LANGUAGE_STANDARD = "gnu++0x";
				CLANG_CXX_LIBRARY = "libc++";
				CLANG_ENABLE_MODULES = YES;
				CLANG_ENABLE_OBJC_ARC = YES;
				CLANG_WARN_BOOL_CONVERSION = YES;
				CLANG_WARN_CONSTANT_CONVERSION = YES;
				CLANG_WARN_DIRECT_OBJC_ISA_USAGE = YES_ERROR;
				CLANG_WARN_EMPTY_BODY = YES;
				CLANG_WARN_ENUM_CONVERSION = YES;
				CLANG_WARN_INT_CONVERSION = YES;
				CLANG_WARN_OBJC_ROOT_CLASS = YES_ERROR;
				CLANG_WARN_UNREACHABLE_CODE = YES;
				CLANG_WARN__DUPLICATE_METHOD_MATCH = YES;
				"CODE_SIGN_IDENTITY[sdk=iphoneos*]" = "iPhone Developer";
				COPY_PHASE_STRIP = NO;
				DEBUG_INFORMATION_FORMAT = "dwarf-with-dsym";
				ENABLE_NS_ASSERTIONS = NO;
				ENABLE_STRICT_OBJC_MSGSEND = YES;
				GCC_C_LANGUAGE_STANDARD = gnu99;
				GCC_NO_COMMON_BLOCKS = YES;
				GCC_WARN_64_TO_32_BIT_CONVERSION = YES;
				GCC_WARN_ABOUT_RETURN_TYPE = YES_ERROR;
				GCC_WARN_UNDECLARED_SELECTOR = YES;
				GCC_WARN_UNINITIALIZED_AUTOS = YES_AGGRESSIVE;
				GCC_WARN_UNUSED_FUNCTION = YES;
				GCC_WARN_UNUSED_VARIABLE = YES;
				IPHONEOS_DEPLOYMENT_TARGET = 9.0;
				MTL_ENABLE_DEBUG_INFO = NO;
				SDKROOT = iphoneos;
				TARGETED_DEVICE_FAMILY = "1,2";
				VALIDATE_PRODUCT = YES;
			};
			name = Release;
		};
		4B4580CD1BBAB678007265E6 /* Debug */ = {
			isa = XCBuildConfiguration;
			buildSettings = {
				ASSETCATALOG_COMPILER_APPICON_NAME = AppIcon;
				INFOPLIST_FILE = SamplePattern/Info.plist;
				IPHONEOS_DEPLOYMENT_TARGET = 8.1;
				LD_RUNPATH_SEARCH_PATHS = "$(inherited) @executable_path/Frameworks";
				PRODUCT_BUNDLE_IDENTIFIER = com.mobimedia.SamplePattern;
				PRODUCT_NAME = "$(TARGET_NAME)";
			};
			name = Debug;
		};
		4B4580CE1BBAB678007265E6 /* Release */ = {
			isa = XCBuildConfiguration;
			buildSettings = {
				ASSETCATALOG_COMPILER_APPICON_NAME = AppIcon;
				INFOPLIST_FILE = SamplePattern/Info.plist;
				IPHONEOS_DEPLOYMENT_TARGET = 8.1;
				LD_RUNPATH_SEARCH_PATHS = "$(inherited) @executable_path/Frameworks";
				PRODUCT_BUNDLE_IDENTIFIER = com.mobimedia.SamplePattern;
				PRODUCT_NAME = "$(TARGET_NAME)";
			};
			name = Release;
		};
/* End XCBuildConfiguration section */

/* Begin XCConfigurationList section */
		4B4580B51BBAB678007265E6 /* Build configuration list for PBXProject "SamplePattern" */ = {
			isa = XCConfigurationList;
			buildConfigurations = (
				4B4580CA1BBAB678007265E6 /* Debug */,
				4B4580CB1BBAB678007265E6 /* Release */,
			);
			defaultConfigurationIsVisible = 0;
			defaultConfigurationName = Release;
		};
		4B4580CC1BBAB678007265E6 /* Build configuration list for PBXNativeTarget "SamplePattern" */ = {
			isa = XCConfigurationList;
			buildConfigurations = (
				4B4580CD1BBAB678007265E6 /* Debug */,
				4B4580CE1BBAB678007265E6 /* Release */,
			);
			defaultConfigurationIsVisible = 0;
			defaultConfigurationName = Release;
		};
/* End XCConfigurationList section */
	};
	rootObject = 4B4580B21BBAB678007265E6 /* Project object */;
}
